
Microsoft Visual Studio Solution File, Format Version 12.00
# Visual Studio Version 16
VisualStudioVersion = 16.0.30128.74
MinimumVisualStudioVersion = 10.0.40219.1
Project("{FAE04EC0-301F-11D3-BF4B-00C04F79EFBC}") = "RoboWorld", "RoboWorld\RoboWorld.csproj", "{A7276A33-ED9D-473B-8DB4-C3A4F1D67EC6}"
EndProject
Global
	GlobalSection(SolutionConfigurationPlatforms) = preSolution
		Debug|Any CPU = Debug|Any CPU
		Release|Any CPU = Release|Any CPU
	EndGlobalSection
	GlobalSection(ProjectConfigurationPlatforms) = postSolution
		{A7276A33-ED9D-473B-8DB4-C3A4F1D67EC6}.Debug|Any CPU.ActiveCfg = Debug|Any CPU
		{A7276A33-ED9D-473B-8DB4-C3A4F1D67EC6}.Debug|Any CPU.Build.0 = Debug|Any CPU
		{A7276A33-ED9D-473B-8DB4-C3A4F1D67EC6}.Release|Any CPU.ActiveCfg = Release|Any CPU
		{A7276A33-ED9D-473B-8DB4-C3A4F1D67EC6}.Release|Any CPU.Build.0 = Release|Any CPU
	EndGlobalSection
	GlobalSection(SolutionProperties) = preSolution
		HideSolutionNode = FALSE
	EndGlobalSection
	GlobalSection(ExtensibilityGlobals) = postSolution
		SolutionGuid = {771C4423-EBE5-4E6E-B60E-C33858E06071}
	EndGlobalSection
EndGlobal
